
Microsoft Visual Studio Solution File, Format Version 12.00
# Visual Studio Version 16
VisualStudioVersion = 16.0.31205.134
MinimumVisualStudioVersion = 10.0.40219.1
Project("{FAE04EC0-301F-11D3-BF4B-00C04F79EFBC}") = "API", "API\API.csproj", "{479B84E7-C3F0-4D13-A24A-36B7A062F21C}"
EndProject
Global
	GlobalSection(SolutionConfigurationPlatforms) = preSolution
		Debug|Any CPU = Debug|Any CPU
		Release|Any CPU = Release|Any CPU
	EndGlobalSection
	GlobalSection(ProjectConfigurationPlatforms) = postSolution
		{479B84E7-C3F0-4D13-A24A-36B7A062F21C}.Debug|Any CPU.ActiveCfg = Debug|Any CPU
		{479B84E7-C3F0-4D13-A24A-36B7A062F21C}.Debug|Any CPU.Build.0 = Debug|Any CPU
		{479B84E7-C3F0-4D13-A24A-36B7A062F21C}.Release|Any CPU.ActiveCfg = Release|Any CPU
		{479B84E7-C3F0-4D13-A24A-36B7A062F21C}.Release|Any CPU.Build.0 = Release|Any CPU
	EndGlobalSection
	GlobalSection(SolutionProperties) = preSolution
		HideSolutionNode = FALSE
	EndGlobalSection
	GlobalSection(ExtensibilityGlobals) = postSolution
		SolutionGuid = {1AFA00A5-933C-4151-8B69-9CE16BFC78F3}
	EndGlobalSection
EndGlobal
